// !$*UTF8*$!
{
	archiveVersion = 1;
	classes = {
	};
	objectVersion = 50;
	objects = {

/* Begin PBXBuildFile section */
		F4C6563D2050380A00DCF4BD /* ArgParser.m in Sources */ = {isa = PBXBuildFile; fileRef = F4C656332050380900DCF4BD /* ArgParser.m */; };
		F4C6563E2050380A00DCF4BD /* main.m in Sources */ = {isa = PBXBuildFile; fileRef = F4C656342050380900DCF4BD /* main.m */; };
		F4C6563F2050380A00DCF4BD /* VcdWriter.m in Sources */ = {isa = PBXBuildFile; fileRef = F4C656362050380900DCF4BD /* VcdWriter.m */; };
		F4C656402050380A00DCF4BD /* Merger.m in Sources */ = {isa = PBXBuildFile; fileRef = F4C656372050380900DCF4BD /* Merger.m */; };
		F4C656412050380A00DCF4BD /* CsvReader.m in Sources */ = {isa = PBXBuildFile; fileRef = F4C6563A2050380A00DCF4BD /* CsvReader.m */; };
		F4C656422050380A00DCF4BD /* VcdVariable.m in Sources */ = {isa = PBXBuildFile; fileRef = F4C6563B2050380A00DCF4BD /* VcdVariable.m */; };
/* End PBXBuildFile section */

/* Begin PBXCopyFilesBuildPhase section */
		F4C65626205037EA00DCF4BD /* CopyFiles */ = {
			isa = PBXCopyFilesBuildPhase;
			buildActionMask = 2147483647;
			dstPath = /usr/share/man/man1/;
			dstSubfolderSpec = 0;
			files = (
			);
			runOnlyForDeploymentPostprocessing = 1;
		};
/* End PBXCopyFilesBuildPhase section */

/* Begin PBXFileReference section */
		F4C65628205037EA00DCF4BD /* xcode */ = {isa = PBXFileReference; explicitFileType = "compiled.mach-o.executable"; includeInIndex = 0; path = xcode; sourceTree = BUILT_PRODUCTS_DIR; };
		F4C656322050380900DCF4BD /* CsvReader.h */ = {isa = PBXFileReference; fileEncoding = 4; lastKnownFileType = sourcecode.c.h; name = CsvReader.h; path = ../../mergecsv/CsvReader.h; sourceTree = "<group>"; };
		F4C656332050380900DCF4BD /* ArgParser.m */ = {isa = PBXFileReference; fileEncoding = 4; lastKnownFileType = sourcecode.c.objc; name = ArgParser.m; path = ../../mergecsv/ArgParser.m; sourceTree = "<group>"; };
		F4C656342050380900DCF4BD /* main.m */ = {isa = PBXFileReference; fileEncoding = 4; lastKnownFileType = sourcecode.c.objc; name = main.m; path = ../../mergecsv/main.m; sourceTree = "<group>"; };
		F4C656352050380900DCF4BD /* VcdVariable.h */ = {isa = PBXFileReference; fileEncoding = 4; lastKnownFileType = sourcecode.c.h; name = VcdVariable.h; path = ../../mergecsv/VcdVariable.h; sourceTree = "<group>"; };
		F4C656362050380900DCF4BD /* VcdWriter.m */ = {isa = PBXFileReference; fileEncoding = 4; lastKnownFileType = sourcecode.c.objc; name = VcdWriter.m; path = ../../mergecsv/VcdWriter.m; sourceTree = "<group>"; };
		F4C656372050380900DCF4BD /* Merger.m */ = {isa = PBXFileReference; fileEncoding = 4; lastKnownFileType = sourcecode.c.objc; name = Merger.m; path = ../../mergecsv/Merger.m; sourceTree = "<group>"; };
		F4C656382050380900DCF4BD /* Merger.h */ = {isa = PBXFileReference; fileEncoding = 4; lastKnownFileType = sourcecode.c.h; name = Merger.h; path = ../../mergecsv/Merger.h; sourceTree = "<group>"; };
		F4C656392050380A00DCF4BD /* VcdWriter.h */ = {isa = PBXFileReference; fileEncoding = 4; lastKnownFileType = sourcecode.c.h; name = VcdWriter.h; path = ../../mergecsv/VcdWriter.h; sourceTree = "<group>"; };
		F4C6563A2050380A00DCF4BD /* CsvReader.m */ = {isa = PBXFileReference; fileEncoding = 4; lastKnownFileType = sourcecode.c.objc; name = CsvReader.m; path = ../../mergecsv/CsvReader.m; sourceTree = "<group>"; };
		F4C6563B2050380A00DCF4BD /* VcdVariable.m */ = {isa = PBXFileReference; fileEncoding = 4; lastKnownFileType = sourcecode.c.objc; name = VcdVariable.m; path = ../../mergecsv/VcdVariable.m; sourceTree = "<group>"; };
		F4C6563C2050380A00DCF4BD /* ArgParser.h */ = {isa = PBXFileReference; fileEncoding = 4; lastKnownFileType = sourcecode.c.h; name = ArgParser.h; path = ../../mergecsv/ArgParser.h; sourceTree = "<group>"; };
/* End PBXFileReference section */

/* Begin PBXFrameworksBuildPhase section */
		F4C65625205037EA00DCF4BD /* Frameworks */ = {
			isa = PBXFrameworksBuildPhase;
			buildActionMask = 2147483647;
			files = (
			);
			runOnlyForDeploymentPostprocessing = 0;
		};
/* End PBXFrameworksBuildPhase section */

/* Begin PBXGroup section */
		F4C6561F205037EA00DCF4BD = {
			isa = PBXGroup;
			children = (
				F4C6562A205037EA00DCF4BD /* xcode */,
				F4C65629205037EA00DCF4BD /* Products */,
			);
			sourceTree = "<group>";
		};
		F4C65629205037EA00DCF4BD /* Products */ = {
			isa = PBXGroup;
			children = (
				F4C65628205037EA00DCF4BD /* xcode */,
			);
			name = Products;
			sourceTree = "<group>";
		};
		F4C6562A205037EA00DCF4BD /* xcode */ = {
			isa = PBXGroup;
			children = (
				F4C6563C2050380A00DCF4BD /* ArgParser.h */,
				F4C656332050380900DCF4BD /* ArgParser.m */,
				F4C656322050380900DCF4BD /* CsvReader.h */,
				F4C6563A2050380A00DCF4BD /* CsvReader.m */,
				F4C656342050380900DCF4BD /* main.m */,
				F4C656382050380900DCF4BD /* Merger.h */,
				F4C656372050380900DCF4BD /* Merger.m */,
				F4C656352050380900DCF4BD /* VcdVariable.h */,
				F4C6563B2050380A00DCF4BD /* VcdVariable.m */,
				F4C656392050380A00DCF4BD /* VcdWriter.h */,
				F4C656362050380900DCF4BD /* VcdWriter.m */,
			);
			path = xcode;
			sourceTree = "<group>";
		};
/* End PBXGroup section */

/* Begin PBXNativeTarget section */
		F4C65627205037EA00DCF4BD /* xcode */ = {
			isa = PBXNativeTarget;
			buildConfigurationList = F4C6562F205037EA00DCF4BD /* Build configuration list for PBXNativeTarget "xcode" */;
			buildPhases = (
				F4C65624205037EA00DCF4BD /* Sources */,
				F4C65625205037EA00DCF4BD /* Frameworks */,
				F4C65626205037EA00DCF4BD /* CopyFiles */,
			);
			buildRules = (
			);
			dependencies = (
			);
			name = xcode;
			productName = xcode;
			productReference = F4C65628205037EA00DCF4BD /* xcode */;
			productType = "com.apple.product-type.tool";
		};
/* End PBXNativeTarget section */

/* Begin PBXProject section */
		F4C65620205037EA00DCF4BD /* Project object */ = {
			isa = PBXProject;
			attributes = {
				LastUpgradeCheck = 1000;
				ORGANIZATIONNAME = "Me, myself, and I";
				TargetAttributes = {
					F4C65627205037EA00DCF4BD = {
						CreatedOnToolsVersion = 10.0;
					};
				};
			};
			buildConfigurationList = F4C65623205037EA00DCF4BD /* Build configuration list for PBXProject "xcode" */;
			compatibilityVersion = "Xcode 9.3";
			developmentRegion = en;
			hasScannedForEncodings = 0;
			knownRegions = (
				en,
			);
			mainGroup = F4C6561F205037EA00DCF4BD;
			productRefGroup = F4C65629205037EA00DCF4BD /* Products */;
			projectDirPath = "";
			projectRoot = "";
			targets = (
				F4C65627205037EA00DCF4BD /* xcode */,
			);
		};
/* End PBXProject section */

/* Begin PBXSourcesBuildPhase section */
		F4C65624205037EA00DCF4BD /* Sources */ = {
			isa = PBXSourcesBuildPhase;
			buildActionMask = 2147483647;
			files = (
				F4C6563E2050380A00DCF4BD /* main.m in Sources */,
				F4C656402050380A00DCF4BD /* Merger.m in Sources */,
				F4C656412050380A00DCF4BD /* CsvReader.m in Sources */,
				F4C6563D2050380A00DCF4BD /* ArgParser.m in Sources */,
				F4C6563F2050380A00DCF4BD /* VcdWriter.m in Sources */,
				F4C656422050380A00DCF4BD /* VcdVariable.m in Sources */,
			);
			runOnlyForDeploymentPostprocessing = 0;
		};
/* End PBXSourcesBuildPhase section */

/* Begin XCBuildConfiguration section */
		F4C6562D205037EA00DCF4BD /* Debug */ = {
			isa = XCBuildConfiguration;
			buildSettings = {
				ALWAYS_SEARCH_USER_PATHS = NO;
				CLANG_ANALYZER_NONNULL = YES;
				CLANG_ANALYZER_NUMBER_OBJECT_CONVERSION = YES_AGGRESSIVE;
				CLANG_CXX_LANGUAGE_STANDARD = "gnu++14";
				CLANG_CXX_LIBRARY = "libc++";
				CLANG_ENABLE_MODULES = YES;
				CLANG_ENABLE_OBJC_ARC = YES;
				CLANG_ENABLE_OBJC_WEAK = YES;
				CLANG_WARN_BLOCK_CAPTURE_AUTORELEASING = YES;
				CLANG_WARN_BOOL_CONVERSION = YES;
				CLANG_WARN_COMMA = YES;
				CLANG_WARN_CONSTANT_CONVERSION = YES;
				CLANG_WARN_DEPRECATED_OBJC_IMPLEMENTATIONS = YES;
				CLANG_WARN_DIRECT_OBJC_ISA_USAGE = YES_ERROR;
				CLANG_WARN_DOCUMENTATION_COMMENTS = YES;
				CLANG_WARN_EMPTY_BODY = YES;
				CLANG_WARN_ENUM_CONVERSION = YES;
				CLANG_WARN_INFINITE_RECURSION = YES;
				CLANG_WARN_INT_CONVERSION = YES;
				CLANG_WARN_NON_LITERAL_NULL_CONVERSION = YES;
				CLANG_WARN_OBJC_IMPLICIT_RETAIN_SELF = YES;
				CLANG_WARN_OBJC_LITERAL_CONVERSION = YES;
				CLANG_WARN_OBJC_ROOT_CLASS = YES_ERROR;
				CLANG_WARN_RANGE_LOOP_ANALYSIS = YES;
				CLANG_WARN_STRICT_PROTOTYPES = YES;
				CLANG_WARN_SUSPICIOUS_MOVE = YES;
				CLANG_WARN_UNGUARDED_AVAILABILITY = YES_AGGRESSIVE;
				CLANG_WARN_UNREACHABLE_CODE = YES;
				CLANG_WARN__DUPLICATE_METHOD_MATCH = YES;
				CODE_SIGN_IDENTITY = "-";
				COPY_PHASE_STRIP = NO;
				DEBUG_INFORMATION_FORMAT = dwarf;
				ENABLE_STRICT_OBJC_MSGSEND = YES;
				ENABLE_TESTABILITY = YES;
				GCC_C_LANGUAGE_STANDARD = gnu11;
				GCC_DYNAMIC_NO_PIC = NO;
				GCC_NO_COMMON_BLOCKS = YES;
				GCC_OPTIMIZATION_LEVEL = 0;
				GCC_PREPROCESSOR_DEFINITIONS = (
					"DEBUG=1",
					"$(inherited)",
				);
				GCC_WARN_64_TO_32_BIT_CONVERSION = YES;
				GCC_WARN_ABOUT_RETURN_TYPE = YES_ERROR;
				GCC_WARN_UNDECLARED_SELECTOR = YES;
				GCC_WARN_UNINITIALIZED_AUTOS = YES_AGGRESSIVE;
				GCC_WARN_UNUSED_FUNCTION = YES;
				GCC_WARN_UNUSED_VARIABLE = YES;
				MACOSX_DEPLOYMENT_TARGET = 10.13;
				MTL_ENABLE_DEBUG_INFO = YES;
				ONLY_ACTIVE_ARCH = YES;
				SDKROOT = macosx;
			};
			name = Debug;
		};
		F4C6562E205037EA00DCF4BD /* Release */ = {
			isa = XCBuildConfiguration;
			buildSettings = {
				ALWAYS_SEARCH_USER_PATHS = NO;
				CLANG_ANALYZER_NONNULL = YES;
				CLANG_ANALYZER_NUMBER_OBJECT_CONVERSION = YES_AGGRESSIVE;
				CLANG_CXX_LANGUAGE_STANDARD = "gnu++14";
				CLANG_CXX_LIBRARY = "libc++";
				CLANG_ENABLE_MODULES = YES;
				CLANG_ENABLE_OBJC_ARC = YES;
				CLANG_ENABLE_OBJC_WEAK = YES;
				CLANG_WARN_BLOCK_CAPTURE_AUTORELEASING = YES;
				CLANG_WARN_BOOL_CONVERSION = YES;
				CLANG_WARN_COMMA = YES;
				CLANG_WARN_CONSTANT_CONVERSION = YES;
				CLANG_WARN_DEPRECATED_OBJC_IMPLEMENTATIONS = YES;
				CLANG_WARN_DIRECT_OBJC_ISA_USAGE = YES_ERROR;
				CLANG_WARN_DOCUMENTATION_COMMENTS = YES;
				CLANG_WARN_EMPTY_BODY = YES;
				CLANG_WARN_ENUM_CONVERSION = YES;
				CLANG_WARN_INFINITE_RECURSION = YES;
				CLANG_WARN_INT_CONVERSION = YES;
				CLANG_WARN_NON_LITERAL_NULL_CONVERSION = YES;
				CLANG_WARN_OBJC_IMPLICIT_RETAIN_SELF = YES;
				CLANG_WARN_OBJC_LITERAL_CONVERSION = YES;
				CLANG_WARN_OBJC_ROOT_CLASS = YES_ERROR;
				CLANG_WARN_RANGE_LOOP_ANALYSIS = YES;
				CLANG_WARN_STRICT_PROTOTYPES = YES;
				CLANG_WARN_SUSPICIOUS_MOVE = YES;
				CLANG_WARN_UNGUARDED_AVAILABILITY = YES_AGGRESSIVE;
				CLANG_WARN_UNREACHABLE_CODE = YES;
				CLANG_WARN__DUPLICATE_METHOD_MATCH = YES;
				CODE_SIGN_IDENTITY = "-";
				COPY_PHASE_STRIP = NO;
				DEBUG_INFORMATION_FORMAT = "dwarf-with-dsym";
				ENABLE_NS_ASSERTIONS = NO;
				ENABLE_STRICT_OBJC_MSGSEND = YES;
				GCC_C_LANGUAGE_STANDARD = gnu11;
				GCC_NO_COMMON_BLOCKS = YES;
				GCC_WARN_64_TO_32_BIT_CONVERSION = YES;
				GCC_WARN_ABOUT_RETURN_TYPE = YES_ERROR;
				GCC_WARN_UNDECLARED_SELECTOR = YES;
				GCC_WARN_UNINITIALIZED_AUTOS = YES_AGGRESSIVE;
				GCC_WARN_UNUSED_FUNCTION = YES;
				GCC_WARN_UNUSED_VARIABLE = YES;
				MACOSX_DEPLOYMENT_TARGET = 10.13;
				MTL_ENABLE_DEBUG_INFO = NO;
				SDKROOT = macosx;
			};
			name = Release;
		};
		F4C65630205037EA00DCF4BD /* Debug */ = {
			isa = XCBuildConfiguration;
			buildSettings = {
				CODE_SIGN_STYLE = Automatic;
				PRODUCT_NAME = "$(TARGET_NAME)";
			};
			name = Debug;
		};
		F4C65631205037EA00DCF4BD /* Release */ = {
			isa = XCBuildConfiguration;
			buildSettings = {
				CODE_SIGN_STYLE = Automatic;
				PRODUCT_NAME = "$(TARGET_NAME)";
			};
			name = Release;
		};
/* End XCBuildConfiguration section */

/* Begin XCConfigurationList section */
		F4C65623205037EA00DCF4BD /* Build configuration list for PBXProject "xcode" */ = {
			isa = XCConfigurationList;
			buildConfigurations = (
				F4C6562D205037EA00DCF4BD /* Debug */,
				F4C6562E205037EA00DCF4BD /* Release */,
			);
			defaultConfigurationIsVisible = 0;
			defaultConfigurationName = Release;
		};
		F4C6562F205037EA00DCF4BD /* Build configuration list for PBXNativeTarget "xcode" */ = {
			isa = XCConfigurationList;
			buildConfigurations = (
				F4C65630205037EA00DCF4BD /* Debug */,
				F4C65631205037EA00DCF4BD /* Release */,
			);
			defaultConfigurationIsVisible = 0;
			defaultConfigurationName = Release;
		};
/* End XCConfigurationList section */
	};
	rootObject = F4C65620205037EA00DCF4BD /* Project object */;
}
