// !$*UTF8*$!
{
	archiveVersion = 1;
	classes = {
	};
	objectVersion = 50;
	objects = {

/* Begin PBXBuildFile section */
		F4A70CD9204F119D00398A2B /* main.m in Sources */ = {isa = PBXBuildFile; fileRef = F4A70CD8204F119D00398A2B /* main.m */; };
		F4A70CE1204F128200398A2B /* ArgParser.m in Sources */ = {isa = PBXBuildFile; fileRef = F4A70CDF204F128200398A2B /* ArgParser.m */; };
		F4A70CE4204F142900398A2B /* Merger.m in Sources */ = {isa = PBXBuildFile; fileRef = F4A70CE3204F142900398A2B /* Merger.m */; };
		F4A70CE7204F189C00398A2B /* CSVReader.m in Sources */ = {isa = PBXBuildFile; fileRef = F4A70CE6204F189C00398A2B /* CSVReader.m */; };
/* End PBXBuildFile section */

/* Begin PBXCopyFilesBuildPhase section */
		F4A70CD3204F119D00398A2B /* CopyFiles */ = {
			isa = PBXCopyFilesBuildPhase;
			buildActionMask = 2147483647;
			dstPath = /usr/share/man/man1/;
			dstSubfolderSpec = 0;
			files = (
			);
			runOnlyForDeploymentPostprocessing = 1;
		};
/* End PBXCopyFilesBuildPhase section */

/* Begin PBXFileReference section */
		F4A70CD5204F119D00398A2B /* mergecsv */ = {isa = PBXFileReference; explicitFileType = "compiled.mach-o.executable"; includeInIndex = 0; path = mergecsv; sourceTree = BUILT_PRODUCTS_DIR; };
		F4A70CD8204F119D00398A2B /* main.m */ = {isa = PBXFileReference; lastKnownFileType = sourcecode.c.objc; path = main.m; sourceTree = "<group>"; };
		F4A70CDF204F128200398A2B /* ArgParser.m */ = {isa = PBXFileReference; fileEncoding = 4; lastKnownFileType = sourcecode.c.objc; path = ArgParser.m; sourceTree = "<group>"; };
		F4A70CE0204F128200398A2B /* ArgParser.h */ = {isa = PBXFileReference; fileEncoding = 4; lastKnownFileType = sourcecode.c.h; path = ArgParser.h; sourceTree = "<group>"; };
		F4A70CE2204F142900398A2B /* Merger.h */ = {isa = PBXFileReference; lastKnownFileType = sourcecode.c.h; path = Merger.h; sourceTree = "<group>"; };
		F4A70CE3204F142900398A2B /* Merger.m */ = {isa = PBXFileReference; lastKnownFileType = sourcecode.c.objc; path = Merger.m; sourceTree = "<group>"; };
		F4A70CE5204F189C00398A2B /* CSVReader.h */ = {isa = PBXFileReference; lastKnownFileType = sourcecode.c.h; path = CSVReader.h; sourceTree = "<group>"; };
		F4A70CE6204F189C00398A2B /* CSVReader.m */ = {isa = PBXFileReference; lastKnownFileType = sourcecode.c.objc; path = CSVReader.m; sourceTree = "<group>"; };
/* End PBXFileReference section */

/* Begin PBXFrameworksBuildPhase section */
		F4A70CD2204F119D00398A2B /* Frameworks */ = {
			isa = PBXFrameworksBuildPhase;
			buildActionMask = 2147483647;
			files = (
			);
			runOnlyForDeploymentPostprocessing = 0;
		};
/* End PBXFrameworksBuildPhase section */

/* Begin PBXGroup section */
		F4A70CCC204F119D00398A2B = {
			isa = PBXGroup;
			children = (
				F4A70CD7204F119D00398A2B /* mergecsv */,
				F4A70CD6204F119D00398A2B /* Products */,
			);
			sourceTree = "<group>";
		};
		F4A70CD6204F119D00398A2B /* Products */ = {
			isa = PBXGroup;
			children = (
				F4A70CD5204F119D00398A2B /* mergecsv */,
			);
			name = Products;
			sourceTree = "<group>";
		};
		F4A70CD7204F119D00398A2B /* mergecsv */ = {
			isa = PBXGroup;
			children = (
				F4A70CE0204F128200398A2B /* ArgParser.h */,
				F4A70CDF204F128200398A2B /* ArgParser.m */,
				F4A70CD8204F119D00398A2B /* main.m */,
				F4A70CE2204F142900398A2B /* Merger.h */,
				F4A70CE3204F142900398A2B /* Merger.m */,
				F4A70CE5204F189C00398A2B /* CSVReader.h */,
				F4A70CE6204F189C00398A2B /* CSVReader.m */,
			);
			path = mergecsv;
			sourceTree = "<group>";
		};
/* End PBXGroup section */

/* Begin PBXNativeTarget section */
		F4A70CD4204F119D00398A2B /* mergecsv */ = {
			isa = PBXNativeTarget;
			buildConfigurationList = F4A70CDC204F119D00398A2B /* Build configuration list for PBXNativeTarget "mergecsv" */;
			buildPhases = (
				F4A70CD1204F119D00398A2B /* Sources */,
				F4A70CD2204F119D00398A2B /* Frameworks */,
				F4A70CD3204F119D00398A2B /* CopyFiles */,
			);
			buildRules = (
			);
			dependencies = (
			);
			name = mergecsv;
			productName = mergecsv;
			productReference = F4A70CD5204F119D00398A2B /* mergecsv */;
			productType = "com.apple.product-type.tool";
		};
/* End PBXNativeTarget section */

/* Begin PBXProject section */
		F4A70CCD204F119D00398A2B /* Project object */ = {
			isa = PBXProject;
			attributes = {
				LastUpgradeCheck = 1000;
				ORGANIZATIONNAME = "Me, myself, and I";
				TargetAttributes = {
					F4A70CD4204F119D00398A2B = {
						CreatedOnToolsVersion = 10.0;
					};
				};
			};
			buildConfigurationList = F4A70CD0204F119D00398A2B /* Build configuration list for PBXProject "mergecsv" */;
			compatibilityVersion = "Xcode 9.3";
			developmentRegion = en;
			hasScannedForEncodings = 0;
			knownRegions = (
				en,
			);
			mainGroup = F4A70CCC204F119D00398A2B;
			productRefGroup = F4A70CD6204F119D00398A2B /* Products */;
			projectDirPath = "";
			projectRoot = "";
			targets = (
				F4A70CD4204F119D00398A2B /* mergecsv */,
			);
		};
/* End PBXProject section */

/* Begin PBXSourcesBuildPhase section */
		F4A70CD1204F119D00398A2B /* Sources */ = {
			isa = PBXSourcesBuildPhase;
			buildActionMask = 2147483647;
			files = (
				F4A70CD9204F119D00398A2B /* main.m in Sources */,
				F4A70CE7204F189C00398A2B /* CSVReader.m in Sources */,
				F4A70CE4204F142900398A2B /* Merger.m in Sources */,
				F4A70CE1204F128200398A2B /* ArgParser.m in Sources */,
			);
			runOnlyForDeploymentPostprocessing = 0;
		};
/* End PBXSourcesBuildPhase section */

/* Begin XCBuildConfiguration section */
		F4A70CDA204F119D00398A2B /* Debug */ = {
			isa = XCBuildConfiguration;
			buildSettings = {
				ALWAYS_SEARCH_USER_PATHS = NO;
				CLANG_ANALYZER_NONNULL = YES;
				CLANG_ANALYZER_NUMBER_OBJECT_CONVERSION = YES_AGGRESSIVE;
				CLANG_CXX_LANGUAGE_STANDARD = "gnu++14";
				CLANG_CXX_LIBRARY = "libc++";
				CLANG_ENABLE_MODULES = YES;
				CLANG_ENABLE_OBJC_ARC = YES;
				CLANG_ENABLE_OBJC_WEAK = YES;
				CLANG_WARN_BLOCK_CAPTURE_AUTORELEASING = YES;
				CLANG_WARN_BOOL_CONVERSION = YES;
				CLANG_WARN_COMMA = YES;
				CLANG_WARN_CONSTANT_CONVERSION = YES;
				CLANG_WARN_DEPRECATED_OBJC_IMPLEMENTATIONS = YES;
				CLANG_WARN_DIRECT_OBJC_ISA_USAGE = YES_ERROR;
				CLANG_WARN_DOCUMENTATION_COMMENTS = YES;
				CLANG_WARN_EMPTY_BODY = YES;
				CLANG_WARN_ENUM_CONVERSION = YES;
				CLANG_WARN_INFINITE_RECURSION = YES;
				CLANG_WARN_INT_CONVERSION = YES;
				CLANG_WARN_NON_LITERAL_NULL_CONVERSION = YES;
				CLANG_WARN_OBJC_IMPLICIT_RETAIN_SELF = YES;
				CLANG_WARN_OBJC_LITERAL_CONVERSION = YES;
				CLANG_WARN_OBJC_ROOT_CLASS = YES_ERROR;
				CLANG_WARN_RANGE_LOOP_ANALYSIS = YES;
				CLANG_WARN_STRICT_PROTOTYPES = YES;
				CLANG_WARN_SUSPICIOUS_MOVE = YES;
				CLANG_WARN_UNGUARDED_AVAILABILITY = YES_AGGRESSIVE;
				CLANG_WARN_UNREACHABLE_CODE = YES;
				CLANG_WARN__DUPLICATE_METHOD_MATCH = YES;
				CODE_SIGN_IDENTITY = "-";
				COPY_PHASE_STRIP = NO;
				DEBUG_INFORMATION_FORMAT = dwarf;
				ENABLE_STRICT_OBJC_MSGSEND = YES;
				ENABLE_TESTABILITY = YES;
				GCC_C_LANGUAGE_STANDARD = gnu11;
				GCC_DYNAMIC_NO_PIC = NO;
				GCC_NO_COMMON_BLOCKS = YES;
				GCC_OPTIMIZATION_LEVEL = 0;
				GCC_PREPROCESSOR_DEFINITIONS = (
					"DEBUG=1",
					"$(inherited)",
				);
				GCC_WARN_64_TO_32_BIT_CONVERSION = YES;
				GCC_WARN_ABOUT_RETURN_TYPE = YES_ERROR;
				GCC_WARN_UNDECLARED_SELECTOR = YES;
				GCC_WARN_UNINITIALIZED_AUTOS = YES_AGGRESSIVE;
				GCC_WARN_UNUSED_FUNCTION = YES;
				GCC_WARN_UNUSED_VARIABLE = YES;
				MACOSX_DEPLOYMENT_TARGET = 10.13;
				MTL_ENABLE_DEBUG_INFO = YES;
				ONLY_ACTIVE_ARCH = YES;
				SDKROOT = macosx;
			};
			name = Debug;
		};
		F4A70CDB204F119D00398A2B /* Release */ = {
			isa = XCBuildConfiguration;
			buildSettings = {
				ALWAYS_SEARCH_USER_PATHS = NO;
				CLANG_ANALYZER_NONNULL = YES;
				CLANG_ANALYZER_NUMBER_OBJECT_CONVERSION = YES_AGGRESSIVE;
				CLANG_CXX_LANGUAGE_STANDARD = "gnu++14";
				CLANG_CXX_LIBRARY = "libc++";
				CLANG_ENABLE_MODULES = YES;
				CLANG_ENABLE_OBJC_ARC = YES;
				CLANG_ENABLE_OBJC_WEAK = YES;
				CLANG_WARN_BLOCK_CAPTURE_AUTORELEASING = YES;
				CLANG_WARN_BOOL_CONVERSION = YES;
				CLANG_WARN_COMMA = YES;
				CLANG_WARN_CONSTANT_CONVERSION = YES;
				CLANG_WARN_DEPRECATED_OBJC_IMPLEMENTATIONS = YES;
				CLANG_WARN_DIRECT_OBJC_ISA_USAGE = YES_ERROR;
				CLANG_WARN_DOCUMENTATION_COMMENTS = YES;
				CLANG_WARN_EMPTY_BODY = YES;
				CLANG_WARN_ENUM_CONVERSION = YES;
				CLANG_WARN_INFINITE_RECURSION = YES;
				CLANG_WARN_INT_CONVERSION = YES;
				CLANG_WARN_NON_LITERAL_NULL_CONVERSION = YES;
				CLANG_WARN_OBJC_IMPLICIT_RETAIN_SELF = YES;
				CLANG_WARN_OBJC_LITERAL_CONVERSION = YES;
				CLANG_WARN_OBJC_ROOT_CLASS = YES_ERROR;
				CLANG_WARN_RANGE_LOOP_ANALYSIS = YES;
				CLANG_WARN_STRICT_PROTOTYPES = YES;
				CLANG_WARN_SUSPICIOUS_MOVE = YES;
				CLANG_WARN_UNGUARDED_AVAILABILITY = YES_AGGRESSIVE;
				CLANG_WARN_UNREACHABLE_CODE = YES;
				CLANG_WARN__DUPLICATE_METHOD_MATCH = YES;
				CODE_SIGN_IDENTITY = "-";
				COPY_PHASE_STRIP = NO;
				DEBUG_INFORMATION_FORMAT = "dwarf-with-dsym";
				ENABLE_NS_ASSERTIONS = NO;
				ENABLE_STRICT_OBJC_MSGSEND = YES;
				GCC_C_LANGUAGE_STANDARD = gnu11;
				GCC_NO_COMMON_BLOCKS = YES;
				GCC_WARN_64_TO_32_BIT_CONVERSION = YES;
				GCC_WARN_ABOUT_RETURN_TYPE = YES_ERROR;
				GCC_WARN_UNDECLARED_SELECTOR = YES;
				GCC_WARN_UNINITIALIZED_AUTOS = YES_AGGRESSIVE;
				GCC_WARN_UNUSED_FUNCTION = YES;
				GCC_WARN_UNUSED_VARIABLE = YES;
				MACOSX_DEPLOYMENT_TARGET = 10.13;
				MTL_ENABLE_DEBUG_INFO = NO;
				SDKROOT = macosx;
			};
			name = Release;
		};
		F4A70CDD204F119D00398A2B /* Debug */ = {
			isa = XCBuildConfiguration;
			buildSettings = {
				CODE_SIGN_STYLE = Automatic;
				PRODUCT_NAME = "$(TARGET_NAME)";
			};
			name = Debug;
		};
		F4A70CDE204F119D00398A2B /* Release */ = {
			isa = XCBuildConfiguration;
			buildSettings = {
				CODE_SIGN_STYLE = Automatic;
				PRODUCT_NAME = "$(TARGET_NAME)";
			};
			name = Release;
		};
/* End XCBuildConfiguration section */

/* Begin XCConfigurationList section */
		F4A70CD0204F119D00398A2B /* Build configuration list for PBXProject "mergecsv" */ = {
			isa = XCConfigurationList;
			buildConfigurations = (
				F4A70CDA204F119D00398A2B /* Debug */,
				F4A70CDB204F119D00398A2B /* Release */,
			);
			defaultConfigurationIsVisible = 0;
			defaultConfigurationName = Release;
		};
		F4A70CDC204F119D00398A2B /* Build configuration list for PBXNativeTarget "mergecsv" */ = {
			isa = XCConfigurationList;
			buildConfigurations = (
				F4A70CDD204F119D00398A2B /* Debug */,
				F4A70CDE204F119D00398A2B /* Release */,
			);
			defaultConfigurationIsVisible = 0;
			defaultConfigurationName = Release;
		};
/* End XCConfigurationList section */
	};
	rootObject = F4A70CCD204F119D00398A2B /* Project object */;
}
